
Microsoft Visual Studio Solution File, Format Version 12.00
# Visual Studio Version 17
VisualStudioVersion = 17.6.33723.286
MinimumVisualStudioVersion = 10.0.40219.1
Project("{FAE04EC0-301F-11D3-BF4B-00C04F79EFBC}") = "Warehouse", "Warehouse.csproj", "{752C1BE3-2BFA-4528-8449-9C2E40927A49}"
EndProject
Global
	GlobalSection(SolutionConfigurationPlatforms) = preSolution
		Debug|Any CPU = Debug|Any CPU
		Release|Any CPU = Release|Any CPU
	EndGlobalSection
	GlobalSection(ProjectConfigurationPlatforms) = postSolution
		{752C1BE3-2BFA-4528-8449-9C2E40927A49}.Debug|Any CPU.ActiveCfg = Debug|Any CPU
		{752C1BE3-2BFA-4528-8449-9C2E40927A49}.Debug|Any CPU.Build.0 = Debug|Any CPU
		{752C1BE3-2BFA-4528-8449-9C2E40927A49}.Release|Any CPU.ActiveCfg = Release|Any CPU
		{752C1BE3-2BFA-4528-8449-9C2E40927A49}.Release|Any CPU.Build.0 = Release|Any CPU
	EndGlobalSection
	GlobalSection(SolutionProperties) = preSolution
		HideSolutionNode = FALSE
	EndGlobalSection
	GlobalSection(ExtensibilityGlobals) = postSolution
		SolutionGuid = {32F41FA9-C86D-44C2-A459-AF8257763059}
	EndGlobalSection
EndGlobal
